version: 2.0
shards:
  ameba:
    git: https://github.com/crystal-ameba/ameba.git
    version: 1.6.1

  any_hash:
    git: https://github.com/sija/any_hash.cr.git
    version: 0.2.5

  backtracer:
    git: https://github.com/sija/backtracer.cr.git
    version: 1.2.2

  cache:
    git: https://github.com/crystal-cache/cache.git
    version: 0.14.0

  markd:
    git: https://github.com/icyleaf/markd.git
    version: 0.5.0

  raven:
    git: https://github.com/sija/raven.cr.git
    version: 1.9.3

